<?xml version="1.0" encoding="utf-8"?>
<Project ToolsVersion="4.0" xmlns="http://schemas.microsoft.com/developer/msbuild/2003">
  <ItemGroup>
    <Filter Include="Common">
      <UniqueIdentifier>a71b975c-7ebe-44d8-b607-3c78febc8f84</UniqueIdentifier>
    </Filter>
    <Filter Include="Assets">
      <UniqueIdentifier>8430bd4b-aef4-4ca8-b013-976cff55c21f</UniqueIdentifier>
      <Extensions>ico;cur;bmp;dds;dlg;fbx;rct;bin;rgs;gif;jpg;jpeg;jpe;resx;tga;tiff;tif;png;wav;mfcribbon-ms</Extensions>
    </Filter>
    <Filter Include="Classes">
      <UniqueIdentifier>{93527250-cc70-4dbc-9e92-c14437caf9d2}</UniqueIdentifier>
    </Filter>
    <Filter Include="Classes\AI">
      <UniqueIdentifier>{72bd57aa-afd1-4573-bcb8-24fc82552d8e}</UniqueIdentifier>
    </Filter>
    <Filter Include="Classes\GameMain">
      <UniqueIdentifier>{8d74999c-03bf-4537-97f9-d48bf63eaf1d}</UniqueIdentifier>
    </Filter>
    <Filter Include="Classes\AI\Astar">
      <UniqueIdentifier>{00a63629-e832-4e5f-b2df-6634df79a187}</UniqueIdentifier>
    </Filter>
  </ItemGroup>
  <ItemGroup>
    <ClInclude Include="pch.h" />
    <ClInclude Include="Game.h" />
    <ClInclude Include="StepTimer.h">
      <Filter>Common</Filter>
    </ClInclude>
    <ClInclude Include="DeviceResources.h">
      <Filter>Common</Filter>
    </ClInclude>
    <ClInclude Include="Classes\GameMain\GameMain.h">
      <Filter>Classes\GameMain</Filter>
    </ClInclude>
    <ClInclude Include="Classes\AI\AI.h">
      <Filter>Classes\AI</Filter>
    </ClInclude>
    <ClInclude Include="Classes\AI\Astar\Astar.h">
      <Filter>Classes\AI\Astar</Filter>
    </ClInclude>
    <ClInclude Include="Classes\AI\Astar\Node.h">
      <Filter>Classes\AI\Astar</Filter>
    </ClInclude>
  </ItemGroup>
  <ItemGroup>
    <ClCompile Include="pch.cpp" />
    <ClCompile Include="Game.cpp" />
    <ClCompile Include="Main.cpp" />
    <ClCompile Include="DeviceResources.cpp">
      <Filter>Common</Filter>
    </ClCompile>
    <ClCompile Include="Classes\GameMain\GameMain.cpp">
      <Filter>Classes\GameMain</Filter>
    </ClCompile>
    <ClCompile Include="Classes\AI\AI.cpp">
      <Filter>Classes\AI</Filter>
    </ClCompile>
    <ClCompile Include="Classes\AI\Astar\Astar.cpp">
      <Filter>Classes\AI\Astar</Filter>
    </ClCompile>
  </ItemGroup>
  <ItemGroup>
    <ResourceCompile Include="resource.rc" />
  </ItemGroup>
  <ItemGroup>
    <Image Include="directx.ico">
      <Filter>Assets</Filter>
    </Image>
  </ItemGroup>
  <ItemGroup>
    <Manifest Include="settings.manifest">
      <Filter>Assets</Filter>
    </Manifest>
  </ItemGroup>
  <ItemGroup>
    <None Include="ClassDiagram.cd" />
  </ItemGroup>
</Project>